
Microsoft Visual Studio Solution File, Format Version 12.00
# Visual Studio Version 17
VisualStudioVersion = 17.0.31903.59
MinimumVisualStudioVersion = 10.0.40219.1
Project("{FAE04EC0-301F-11D3-BF4B-00C04F79EFBC}") = "DisneyDown.Console", "DisneyDown.Console\DisneyDown.Console.csproj", "{127829B8-F399-49E7-BC47-D12138A45FC3}"
EndProject
Project("{FAE04EC0-301F-11D3-BF4B-00C04F79EFBC}") = "DisneyDown.Common", "DisneyDown.Common\DisneyDown.Common.csproj", "{A121A22D-A229-4EB5-9D81-908E69EC95EE}"
EndProject
Project("{FAE04EC0-301F-11D3-BF4B-00C04F79EFBC}") = "DisneyDown.Common.Parsers.HLS", "DisneyDown.Common.Parsers.HLS\DisneyDown.Common.Parsers.HLS.csproj", "{E72C3DBE-762A-45F4-B85D-439075E74B12}"
EndProject
Project("{FAE04EC0-301F-11D3-BF4B-00C04F79EFBC}") = "DisneyDown.Common.Net", "DisneyDown.Common.Net\DisneyDown.Common.Net.csproj", "{E8A05637-F1F8-48DF-A52F-E17587E832AE}"
EndProject
Project("{FAE04EC0-301F-11D3-BF4B-00C04F79EFBC}") = "DisneyDown.Common.ExternalRetrieval", "DisneyDown.Common.ExternalRetrieval\DisneyDown.Common.ExternalRetrieval.csproj", "{E57471F5-65BE-4997-BE81-EDEF4435313E}"
EndProject
Project("{FAE04EC0-301F-11D3-BF4B-00C04F79EFBC}") = "DisneyDown.Common.Security", "DisneyDown.Common.Security\DisneyDown.Common.Security.csproj", "{35B93821-9759-4B5F-8ADF-C238ED3D0E72}"
EndProject
Project("{FAE04EC0-301F-11D3-BF4B-00C04F79EFBC}") = "DisneyDown.Common.Util.Kit", "DisneyDown.Common.Util.Kit\DisneyDown.Common.Util.Kit.csproj", "{1DF9EAB5-5707-4F5E-8DAE-A791C3F3CD42}"
EndProject
Project("{FAE04EC0-301F-11D3-BF4B-00C04F79EFBC}") = "DisneyDown.Common.KeySystem", "DisneyDown.Common.KeySystem\DisneyDown.Common.KeySystem.csproj", "{E60E0CFD-3D67-485D-B96E-7FDD3F1A49E7}"
EndProject
Project("{FAE04EC0-301F-11D3-BF4B-00C04F79EFBC}") = "DisneyDown.Common.API", "DisneyDown.Common.API\DisneyDown.Common.API.csproj", "{AAE2E3AD-4A98-4361-BDEB-83A66DCC0FDF}"
EndProject
Project("{FAE04EC0-301F-11D3-BF4B-00C04F79EFBC}") = "DisneyDown.Common.KeySystem.Manager", "DisneyDown.Common.KeySystem.Manager\DisneyDown.Common.KeySystem.Manager.csproj", "{57FDCE0C-9AA4-40C1-8635-89BDB7E9B84C}"
EndProject
Project("{FAE04EC0-301F-11D3-BF4B-00C04F79EFBC}") = "UIHelpers", "UIHelpers\UIHelpers.csproj", "{E3CE262B-B962-44FF-ABC0-5EBFB403D51D}"
EndProject
Project("{FAE04EC0-301F-11D3-BF4B-00C04F79EFBC}") = "DisneyDown.Common.ExternalRetrieval.Manager", "DisneyDown.Common.ExternalRetrieval.Manager\DisneyDown.Common.ExternalRetrieval.Manager.csproj", "{5EE61D2F-3277-47FF-8235-ADB0F27D70B0}"
EndProject
Project("{FAE04EC0-301F-11D3-BF4B-00C04F79EFBC}") = "DisneyDown.Common.SettingsConfigurator", "DisneyDown.Common.SettingsConfigurator\DisneyDown.Common.SettingsConfigurator.csproj", "{44B4D74A-2BCD-4DC3-A7AF-2A7A78BD04F8}"
EndProject
Global
	GlobalSection(SolutionConfigurationPlatforms) = preSolution
		Debug|Any CPU = Debug|Any CPU
		Release|Any CPU = Release|Any CPU
	EndGlobalSection
	GlobalSection(ProjectConfigurationPlatforms) = postSolution
		{127829B8-F399-49E7-BC47-D12138A45FC3}.Debug|Any CPU.ActiveCfg = Debug|Any CPU
		{127829B8-F399-49E7-BC47-D12138A45FC3}.Debug|Any CPU.Build.0 = Debug|Any CPU
		{127829B8-F399-49E7-BC47-D12138A45FC3}.Release|Any CPU.ActiveCfg = Release|Any CPU
		{127829B8-F399-49E7-BC47-D12138A45FC3}.Release|Any CPU.Build.0 = Release|Any CPU
		{A121A22D-A229-4EB5-9D81-908E69EC95EE}.Debug|Any CPU.ActiveCfg = Debug|Any CPU
		{A121A22D-A229-4EB5-9D81-908E69EC95EE}.Debug|Any CPU.Build.0 = Debug|Any CPU
		{A121A22D-A229-4EB5-9D81-908E69EC95EE}.Release|Any CPU.ActiveCfg = Release|Any CPU
		{A121A22D-A229-4EB5-9D81-908E69EC95EE}.Release|Any CPU.Build.0 = Release|Any CPU
		{E72C3DBE-762A-45F4-B85D-439075E74B12}.Debug|Any CPU.ActiveCfg = Debug|Any CPU
		{E72C3DBE-762A-45F4-B85D-439075E74B12}.Debug|Any CPU.Build.0 = Debug|Any CPU
		{E72C3DBE-762A-45F4-B85D-439075E74B12}.Release|Any CPU.ActiveCfg = Release|Any CPU
		{E72C3DBE-762A-45F4-B85D-439075E74B12}.Release|Any CPU.Build.0 = Release|Any CPU
		{E8A05637-F1F8-48DF-A52F-E17587E832AE}.Debug|Any CPU.ActiveCfg = Debug|Any CPU
		{E8A05637-F1F8-48DF-A52F-E17587E832AE}.Debug|Any CPU.Build.0 = Debug|Any CPU
		{E8A05637-F1F8-48DF-A52F-E17587E832AE}.Release|Any CPU.ActiveCfg = Release|Any CPU
		{E8A05637-F1F8-48DF-A52F-E17587E832AE}.Release|Any CPU.Build.0 = Release|Any CPU
		{E57471F5-65BE-4997-BE81-EDEF4435313E}.Debug|Any CPU.ActiveCfg = Debug|Any CPU
		{E57471F5-65BE-4997-BE81-EDEF4435313E}.Debug|Any CPU.Build.0 = Debug|Any CPU
		{E57471F5-65BE-4997-BE81-EDEF4435313E}.Release|Any CPU.ActiveCfg = Release|Any CPU
		{E57471F5-65BE-4997-BE81-EDEF4435313E}.Release|Any CPU.Build.0 = Release|Any CPU
		{35B93821-9759-4B5F-8ADF-C238ED3D0E72}.Debug|Any CPU.ActiveCfg = Debug|Any CPU
		{35B93821-9759-4B5F-8ADF-C238ED3D0E72}.Debug|Any CPU.Build.0 = Debug|Any CPU
		{35B93821-9759-4B5F-8ADF-C238ED3D0E72}.Release|Any CPU.ActiveCfg = Release|Any CPU
		{35B93821-9759-4B5F-8ADF-C238ED3D0E72}.Release|Any CPU.Build.0 = Release|Any CPU
		{1DF9EAB5-5707-4F5E-8DAE-A791C3F3CD42}.Debug|Any CPU.ActiveCfg = Debug|Any CPU
		{1DF9EAB5-5707-4F5E-8DAE-A791C3F3CD42}.Debug|Any CPU.Build.0 = Debug|Any CPU
		{1DF9EAB5-5707-4F5E-8DAE-A791C3F3CD42}.Release|Any CPU.ActiveCfg = Release|Any CPU
		{1DF9EAB5-5707-4F5E-8DAE-A791C3F3CD42}.Release|Any CPU.Build.0 = Release|Any CPU
		{E60E0CFD-3D67-485D-B96E-7FDD3F1A49E7}.Debug|Any CPU.ActiveCfg = Debug|Any CPU
		{E60E0CFD-3D67-485D-B96E-7FDD3F1A49E7}.Debug|Any CPU.Build.0 = Debug|Any CPU
		{E60E0CFD-3D67-485D-B96E-7FDD3F1A49E7}.Release|Any CPU.ActiveCfg = Release|Any CPU
		{E60E0CFD-3D67-485D-B96E-7FDD3F1A49E7}.Release|Any CPU.Build.0 = Release|Any CPU
		{AAE2E3AD-4A98-4361-BDEB-83A66DCC0FDF}.Debug|Any CPU.ActiveCfg = Debug|Any CPU
		{AAE2E3AD-4A98-4361-BDEB-83A66DCC0FDF}.Debug|Any CPU.Build.0 = Debug|Any CPU
		{AAE2E3AD-4A98-4361-BDEB-83A66DCC0FDF}.Release|Any CPU.ActiveCfg = Release|Any CPU
		{AAE2E3AD-4A98-4361-BDEB-83A66DCC0FDF}.Release|Any CPU.Build.0 = Release|Any CPU
		{57FDCE0C-9AA4-40C1-8635-89BDB7E9B84C}.Debug|Any CPU.ActiveCfg = Debug|Any CPU
		{57FDCE0C-9AA4-40C1-8635-89BDB7E9B84C}.Debug|Any CPU.Build.0 = Debug|Any CPU
		{57FDCE0C-9AA4-40C1-8635-89BDB7E9B84C}.Release|Any CPU.ActiveCfg = Release|Any CPU
		{57FDCE0C-9AA4-40C1-8635-89BDB7E9B84C}.Release|Any CPU.Build.0 = Release|Any CPU
		{E3CE262B-B962-44FF-ABC0-5EBFB403D51D}.Debug|Any CPU.ActiveCfg = Debug|Any CPU
		{E3CE262B-B962-44FF-ABC0-5EBFB403D51D}.Debug|Any CPU.Build.0 = Debug|Any CPU
		{E3CE262B-B962-44FF-ABC0-5EBFB403D51D}.Release|Any CPU.ActiveCfg = Release|Any CPU
		{E3CE262B-B962-44FF-ABC0-5EBFB403D51D}.Release|Any CPU.Build.0 = Release|Any CPU
		{44B4D74A-2BCD-4DC3-A7AF-2A7A78BD04F8}.Debug|Any CPU.ActiveCfg = Debug|Any CPU
		{44B4D74A-2BCD-4DC3-A7AF-2A7A78BD04F8}.Debug|Any CPU.Build.0 = Debug|Any CPU
		{44B4D74A-2BCD-4DC3-A7AF-2A7A78BD04F8}.Release|Any CPU.ActiveCfg = Release|Any CPU
		{44B4D74A-2BCD-4DC3-A7AF-2A7A78BD04F8}.Release|Any CPU.Build.0 = Release|Any CPU
		{5EE61D2F-3277-47FF-8235-ADB0F27D70B0}.Debug|Any CPU.ActiveCfg = Debug|Any CPU
		{5EE61D2F-3277-47FF-8235-ADB0F27D70B0}.Debug|Any CPU.Build.0 = Debug|Any CPU
		{5EE61D2F-3277-47FF-8235-ADB0F27D70B0}.Release|Any CPU.ActiveCfg = Release|Any CPU
		{5EE61D2F-3277-47FF-8235-ADB0F27D70B0}.Release|Any CPU.Build.0 = Release|Any CPU
	EndGlobalSection
	GlobalSection(SolutionProperties) = preSolution
		HideSolutionNode = FALSE
	EndGlobalSection
	GlobalSection(ExtensibilityGlobals) = postSolution
		SolutionGuid = {0670181A-2780-4550-8256-369400F30927}
	EndGlobalSection
EndGlobal
